
Microsoft Visual Studio Solution File, Format Version 12.00
# Visual Studio Version 17
VisualStudioVersion = 17.8.34309.116
MinimumVisualStudioVersion = 10.0.40219.1
Project("{9A19103F-16F7-4668-BE54-9A1E7A4F7556}") = "Common", "Common\Common.csproj", "{77D4ADCC-8291-4FE4-AC2F-51E8B4F67F1C}"
EndProject
Project("{9A19103F-16F7-4668-BE54-9A1E7A4F7556}") = "CrudBase", "CrudBase\CrudBase.csproj", "{36A82B6B-B9D7-405E-A115-B3428CB15E6C}"
EndProject
Project("{9A19103F-16F7-4668-BE54-9A1E7A4F7556}") = "EmailNotification", "EmailNotification\EmailNotification.csproj", "{F70856E1-4D17-441A-88EE-8CDF9B69F919}"
EndProject
Project("{9A19103F-16F7-4668-BE54-9A1E7A4F7556}") = "ServiceDesk.Assets.API", "ServiceDesk.Assets.API\ServiceDesk.Assets.API.csproj", "{AF36BFF2-29D6-4984-9FC8-CE5B77AFCA59}"
EndProject
Project("{9A19103F-16F7-4668-BE54-9A1E7A4F7556}") = "Gateway.Storage", "Gateway.Storage\Gateway.Storage.csproj", "{10D4FA82-85D8-4559-9BC3-7938D1C08DB3}"
EndProject
Project("{9A19103F-16F7-4668-BE54-9A1E7A4F7556}") = "ServiceDesk.Assets.CrossCutting", "ServiceDesk.Assets.CrossCutting\ServiceDesk.Assets.CrossCutting.csproj", "{07B84751-EFE2-4BEB-A3CB-74D4A5BE3C8B}"
EndProject
Project("{9A19103F-16F7-4668-BE54-9A1E7A4F7556}") = "ServiceDesk.Assets.Storage", "ServiceDesk.Assets.Storage\ServiceDesk.Assets.Storage.csproj", "{55F2E7A0-1244-444B-8AC5-1224A1A86BE2}"
EndProject
Project("{9A19103F-16F7-4668-BE54-9A1E7A4F7556}") = "ServiceDesk.Ticket.Api", "ServiceDesk.Ticket.Api\ServiceDesk.Ticket.Api.csproj", "{FD001D51-08D9-40E3-9163-4E83DD90392F}"
EndProject
Project("{9A19103F-16F7-4668-BE54-9A1E7A4F7556}") = "ServiceDesk.Ticket.CrossCutting", "ServiceDesk.Ticket.CrossCutting\ServiceDesk.Ticket.CrossCutting.csproj", "{E0CB5B68-B28D-47B7-AAA0-96A53365CACF}"
EndProject
Project("{9A19103F-16F7-4668-BE54-9A1E7A4F7556}") = "ServiceDesk.Ticket.Storage", "ServiceDesk.Ticket.Storage\ServiceDesk.Ticket.Storage.csproj", "{992C053E-77C2-4707-8F1A-5BEDDCDC18B6}"
	ProjectSection(ProjectDependencies) = postProject
		{55F2E7A0-1244-444B-8AC5-1224A1A86BE2} = {55F2E7A0-1244-444B-8AC5-1224A1A86BE2}
	EndProjectSection
EndProject
Project("{9A19103F-16F7-4668-BE54-9A1E7A4F7556}") = "Gateway", "Gateway\Gateway.csproj", "{21D8F529-6DEB-42FE-B2DF-674F51D19A1E}"
EndProject
Global
	GlobalSection(SolutionConfigurationPlatforms) = preSolution
		Debug|Any CPU = Debug|Any CPU
		Release|Any CPU = Release|Any CPU
	EndGlobalSection
	GlobalSection(ProjectConfigurationPlatforms) = postSolution
		{77D4ADCC-8291-4FE4-AC2F-51E8B4F67F1C}.Debug|Any CPU.ActiveCfg = Debug|Any CPU
		{77D4ADCC-8291-4FE4-AC2F-51E8B4F67F1C}.Debug|Any CPU.Build.0 = Debug|Any CPU
		{77D4ADCC-8291-4FE4-AC2F-51E8B4F67F1C}.Release|Any CPU.ActiveCfg = Release|Any CPU
		{77D4ADCC-8291-4FE4-AC2F-51E8B4F67F1C}.Release|Any CPU.Build.0 = Release|Any CPU
		{36A82B6B-B9D7-405E-A115-B3428CB15E6C}.Debug|Any CPU.ActiveCfg = Debug|Any CPU
		{36A82B6B-B9D7-405E-A115-B3428CB15E6C}.Debug|Any CPU.Build.0 = Debug|Any CPU
		{36A82B6B-B9D7-405E-A115-B3428CB15E6C}.Release|Any CPU.ActiveCfg = Release|Any CPU
		{36A82B6B-B9D7-405E-A115-B3428CB15E6C}.Release|Any CPU.Build.0 = Release|Any CPU
		{F70856E1-4D17-441A-88EE-8CDF9B69F919}.Debug|Any CPU.ActiveCfg = Debug|Any CPU
		{F70856E1-4D17-441A-88EE-8CDF9B69F919}.Debug|Any CPU.Build.0 = Debug|Any CPU
		{F70856E1-4D17-441A-88EE-8CDF9B69F919}.Release|Any CPU.ActiveCfg = Release|Any CPU
		{F70856E1-4D17-441A-88EE-8CDF9B69F919}.Release|Any CPU.Build.0 = Release|Any CPU
		{AF36BFF2-29D6-4984-9FC8-CE5B77AFCA59}.Debug|Any CPU.ActiveCfg = Debug|Any CPU
		{AF36BFF2-29D6-4984-9FC8-CE5B77AFCA59}.Debug|Any CPU.Build.0 = Debug|Any CPU
		{AF36BFF2-29D6-4984-9FC8-CE5B77AFCA59}.Release|Any CPU.ActiveCfg = Release|Any CPU
		{AF36BFF2-29D6-4984-9FC8-CE5B77AFCA59}.Release|Any CPU.Build.0 = Release|Any CPU
		{10D4FA82-85D8-4559-9BC3-7938D1C08DB3}.Debug|Any CPU.ActiveCfg = Debug|Any CPU
		{10D4FA82-85D8-4559-9BC3-7938D1C08DB3}.Debug|Any CPU.Build.0 = Debug|Any CPU
		{10D4FA82-85D8-4559-9BC3-7938D1C08DB3}.Release|Any CPU.ActiveCfg = Release|Any CPU
		{10D4FA82-85D8-4559-9BC3-7938D1C08DB3}.Release|Any CPU.Build.0 = Release|Any CPU
		{07B84751-EFE2-4BEB-A3CB-74D4A5BE3C8B}.Debug|Any CPU.ActiveCfg = Debug|Any CPU
		{07B84751-EFE2-4BEB-A3CB-74D4A5BE3C8B}.Debug|Any CPU.Build.0 = Debug|Any CPU
		{07B84751-EFE2-4BEB-A3CB-74D4A5BE3C8B}.Release|Any CPU.ActiveCfg = Release|Any CPU
		{07B84751-EFE2-4BEB-A3CB-74D4A5BE3C8B}.Release|Any CPU.Build.0 = Release|Any CPU
		{55F2E7A0-1244-444B-8AC5-1224A1A86BE2}.Debug|Any CPU.ActiveCfg = Debug|Any CPU
		{55F2E7A0-1244-444B-8AC5-1224A1A86BE2}.Debug|Any CPU.Build.0 = Debug|Any CPU
		{55F2E7A0-1244-444B-8AC5-1224A1A86BE2}.Release|Any CPU.ActiveCfg = Release|Any CPU
		{55F2E7A0-1244-444B-8AC5-1224A1A86BE2}.Release|Any CPU.Build.0 = Release|Any CPU
		{FD001D51-08D9-40E3-9163-4E83DD90392F}.Debug|Any CPU.ActiveCfg = Debug|Any CPU
		{FD001D51-08D9-40E3-9163-4E83DD90392F}.Debug|Any CPU.Build.0 = Debug|Any CPU
		{FD001D51-08D9-40E3-9163-4E83DD90392F}.Release|Any CPU.ActiveCfg = Release|Any CPU
		{FD001D51-08D9-40E3-9163-4E83DD90392F}.Release|Any CPU.Build.0 = Release|Any CPU
		{E0CB5B68-B28D-47B7-AAA0-96A53365CACF}.Debug|Any CPU.ActiveCfg = Debug|Any CPU
		{E0CB5B68-B28D-47B7-AAA0-96A53365CACF}.Debug|Any CPU.Build.0 = Debug|Any CPU
		{E0CB5B68-B28D-47B7-AAA0-96A53365CACF}.Release|Any CPU.ActiveCfg = Release|Any CPU
		{E0CB5B68-B28D-47B7-AAA0-96A53365CACF}.Release|Any CPU.Build.0 = Release|Any CPU
		{992C053E-77C2-4707-8F1A-5BEDDCDC18B6}.Debug|Any CPU.ActiveCfg = Debug|Any CPU
		{992C053E-77C2-4707-8F1A-5BEDDCDC18B6}.Debug|Any CPU.Build.0 = Debug|Any CPU
		{992C053E-77C2-4707-8F1A-5BEDDCDC18B6}.Release|Any CPU.ActiveCfg = Release|Any CPU
		{992C053E-77C2-4707-8F1A-5BEDDCDC18B6}.Release|Any CPU.Build.0 = Release|Any CPU
		{21D8F529-6DEB-42FE-B2DF-674F51D19A1E}.Debug|Any CPU.ActiveCfg = Debug|Any CPU
		{21D8F529-6DEB-42FE-B2DF-674F51D19A1E}.Debug|Any CPU.Build.0 = Debug|Any CPU
		{21D8F529-6DEB-42FE-B2DF-674F51D19A1E}.Release|Any CPU.ActiveCfg = Release|Any CPU
		{21D8F529-6DEB-42FE-B2DF-674F51D19A1E}.Release|Any CPU.Build.0 = Release|Any CPU
	EndGlobalSection
	GlobalSection(SolutionProperties) = preSolution
		HideSolutionNode = FALSE
	EndGlobalSection
	GlobalSection(ExtensibilityGlobals) = postSolution
		SolutionGuid = {A2081E83-70AC-47E7-82C6-73C34B1E0099}
		        SolutionGuid = {8B4AFCAE-49ED-4C0C-B9E4-BB293418E82E}
	EndGlobalSection
EndGlobal
